<?xml version="1.0" encoding="utf-8"?>
<Project ToolsVersion="4.0" xmlns="http://schemas.microsoft.com/developer/msbuild/2003">
  <ItemGroup>
    <Filter Include="Source Files">
      <UniqueIdentifier>{4FC737F1-C7A5-4376-A066-2A32D752A2FF}</UniqueIdentifier>
      <Extensions>cpp;c;cc;cxx;c++;cppm;ixx;def;odl;idl;hpj;bat;asm;asmx</Extensions>
    </Filter>
    <Filter Include="Header Files">
      <UniqueIdentifier>{93995380-89BD-4b04-88EB-625FBE52EBFB}</UniqueIdentifier>
      <Extensions>h;hh;hpp;hxx;h++;hm;inl;inc;ipp;xsd</Extensions>
    </Filter>
    <Filter Include="Resource Files">
      <UniqueIdentifier>{67DA6AB6-F800-4c08-8B7A-83BB121AAD01}</UniqueIdentifier>
      <Extensions>rc;ico;cur;bmp;dlg;rc2;rct;bin;rgs;gif;jpg;jpeg;jpe;resx;tiff;tif;png;wav;mfcribbon-ms</Extensions>
    </Filter>
  </ItemGroup>
  <ItemGroup>
    <ClInclude Include="Shrek2Memory.h">
      <Filter>Header Files</Filter>
    </ClInclude>
    <ClInclude Include="Shrek2.h">
      <Filter>Header Files</Filter>
    </ClInclude>
    <ClInclude Include="Shrek2Utils.h">
      <Filter>Header Files</Filter>
    </ClInclude>
    <ClInclude Include="Shrek2Pointers.h">
      <Filter>Header Files</Filter>
    </ClInclude>
    <ClInclude Include="Shrek2ModdingSDK.h">
      <Filter>Header Files</Filter>
    </ClInclude>
    <ClInclude Include="Shrek2Functions.h">
      <Filter>Header Files</Filter>
    </ClInclude>
    <ClInclude Include="Shrek2Maps.h">
      <Filter>Header Files</Filter>
    </ClInclude>
    <ClInclude Include="Shrek2Events.h">
      <Filter>Header Files</Filter>
    </ClInclude>
    <ClInclude Include="Shrek2UI.h">
      <Filter>Header Files</Filter>
    </ClInclude>
    <ClInclude Include="Shrek2Rect.h">
      <Filter>Header Files</Filter>
    </ClInclude>
    <ClInclude Include="Shrek2Texture.h">
      <Filter>Header Files</Filter>
    </ClInclude>
    <ClInclude Include="Shrek2DirectX.h">
      <Filter>Header Files</Filter>
    </ClInclude>
    <ClInclude Include="Shrek2Textures.h">
      <Filter>Header Files</Filter>
    </ClInclude>
    <ClInclude Include="Shrek2Sound.h">
      <Filter>Header Files</Filter>
    </ClInclude>
    <ClInclude Include="Shrek2StaticVars.h">
      <Filter>Header Files</Filter>
    </ClInclude>
    <ClInclude Include="Shrek2Position.h">
      <Filter>Header Files</Filter>
    </ClInclude>
    <ClInclude Include="Shrek2Input.h">
      <Filter>Header Files</Filter>
    </ClInclude>
    <ClInclude Include="Shrek2Trigger.h">
      <Filter>Header Files</Filter>
    </ClInclude>
    <ClInclude Include="Shrek2Vector3.h">
      <Filter>Header Files</Filter>
    </ClInclude>
    <ClInclude Include="Shrek2Triggers.h">
      <Filter>Header Files</Filter>
    </ClInclude>
    <ClInclude Include="Shrek2Timer.h">
      <Filter>Header Files</Filter>
    </ClInclude>
    <ClInclude Include="Shrek2TimerLib.h">
      <Filter>Header Files</Filter>
    </ClInclude>
    <ClInclude Include="Shrek2Vector2.h">
      <Filter>Header Files</Filter>
    </ClInclude>
    <ClInclude Include="Shrek2Config.h">
      <Filter>Header Files</Filter>
    </ClInclude>
    <ClInclude Include="json.hpp">
      <Filter>Header Files</Filter>
    </ClInclude>
    <ClInclude Include="Shrek2Storage.h">
      <Filter>Header Files</Filter>
    </ClInclude>
    <ClInclude Include="Shrek2ActorList.h">
      <Filter>Header Files</Filter>
    </ClInclude>
    <ClInclude Include="Shrek2ActorTypes.h">
      <Filter>Header Files</Filter>
    </ClInclude>
    <ClInclude Include="Shrek2ActorModels.h">
      <Filter>Header Files</Filter>
    </ClInclude>
    <ClInclude Include="Shrek2Inventory.h">
      <Filter>Header Files</Filter>
    </ClInclude>
    <ClInclude Include="Shrek2Fonts.h">
      <Filter>Header Files</Filter>
    </ClInclude>
    <ClInclude Include="Shrek2Logging.h">
      <Filter>Header Files</Filter>
    </ClInclude>
  </ItemGroup>
  <ItemGroup>
    <ClCompile Include="Shrek2Memory.cpp">
      <Filter>Source Files</Filter>
    </ClCompile>
    <ClCompile Include="Shrek2.cpp">
      <Filter>Source Files</Filter>
    </ClCompile>
    <ClCompile Include="Shrek2Utils.cpp">
      <Filter>Source Files</Filter>
    </ClCompile>
    <ClCompile Include="Shrek2Pointers.cpp">
      <Filter>Source Files</Filter>
    </ClCompile>
    <ClCompile Include="Shrek2Functions.cpp">
      <Filter>Source Files</Filter>
    </ClCompile>
    <ClCompile Include="Shrek2Maps.cpp">
      <Filter>Source Files</Filter>
    </ClCompile>
    <ClCompile Include="Shrek2Events.cpp">
      <Filter>Source Files</Filter>
    </ClCompile>
    <ClCompile Include="Shrek2UI.cpp">
      <Filter>Source Files</Filter>
    </ClCompile>
    <ClCompile Include="Shrek2Rect.cpp">
      <Filter>Source Files</Filter>
    </ClCompile>
    <ClCompile Include="Shrek2Texture.cpp">
      <Filter>Source Files</Filter>
    </ClCompile>
    <ClCompile Include="Shrek2Textures.cpp">
      <Filter>Source Files</Filter>
    </ClCompile>
    <ClCompile Include="Shrek2Sound.cpp">
      <Filter>Source Files</Filter>
    </ClCompile>
    <ClCompile Include="Shrek2StaticVars.cpp">
      <Filter>Source Files</Filter>
    </ClCompile>
    <ClCompile Include="Shrek2Position.cpp">
      <Filter>Source Files</Filter>
    </ClCompile>
    <ClCompile Include="Shrek2Input.cpp">
      <Filter>Source Files</Filter>
    </ClCompile>
    <ClCompile Include="Shrek2Trigger.cpp">
      <Filter>Source Files</Filter>
    </ClCompile>
    <ClCompile Include="Shrek2Vector3.cpp">
      <Filter>Source Files</Filter>
    </ClCompile>
    <ClCompile Include="Shrek2Triggers.cpp">
      <Filter>Source Files</Filter>
    </ClCompile>
    <ClCompile Include="Shrek2Timer.cpp">
      <Filter>Source Files</Filter>
    </ClCompile>
    <ClCompile Include="Shrek2Vector2.cpp">
      <Filter>Source Files</Filter>
    </ClCompile>
    <ClCompile Include="Shrek2Config.cpp">
      <Filter>Source Files</Filter>
    </ClCompile>
    <ClCompile Include="Shrek2Storage.cpp">
      <Filter>Source Files</Filter>
    </ClCompile>
    <ClCompile Include="Shrek2ActorList.cpp">
      <Filter>Source Files</Filter>
    </ClCompile>
    <ClCompile Include="Shrek2Inventory.cpp">
      <Filter>Source Files</Filter>
    </ClCompile>
    <ClCompile Include="Shrek2Logging.cpp">
      <Filter>Source Files</Filter>
    </ClCompile>
  </ItemGroup>
</Project>